
Microsoft Visual Studio Solution File, Format Version 12.00
# Visual Studio Version 17
VisualStudioVersion = 17.8.34511.84
MinimumVisualStudioVersion = 10.0.40219.1
Project("{FAE04EC0-301F-11D3-BF4B-00C04F79EFBC}") = "Project #1", "Project #1\Project #1.csproj", "{9D98A2D9-94D5-42BB-BC93-211B4755CE7A}"
EndProject
Global
	GlobalSection(SolutionConfigurationPlatforms) = preSolution
		Debug|Any CPU = Debug|Any CPU
		Release|Any CPU = Release|Any CPU
	EndGlobalSection
	GlobalSection(ProjectConfigurationPlatforms) = postSolution
		{9D98A2D9-94D5-42BB-BC93-211B4755CE7A}.Debug|Any CPU.ActiveCfg = Debug|Any CPU
		{9D98A2D9-94D5-42BB-BC93-211B4755CE7A}.Debug|Any CPU.Build.0 = Debug|Any CPU
		{9D98A2D9-94D5-42BB-BC93-211B4755CE7A}.Release|Any CPU.ActiveCfg = Release|Any CPU
		{9D98A2D9-94D5-42BB-BC93-211B4755CE7A}.Release|Any CPU.Build.0 = Release|Any CPU
	EndGlobalSection
	GlobalSection(SolutionProperties) = preSolution
		HideSolutionNode = FALSE
	EndGlobalSection
	GlobalSection(ExtensibilityGlobals) = postSolution
		SolutionGuid = {67E42828-A8D6-4314-9CA7-13219F82AF25}
	EndGlobalSection
EndGlobal
